
Microsoft Visual Studio Solution File, Format Version 12.00
# Visual Studio Version 17
VisualStudioVersion = 17.7.34031.279
MinimumVisualStudioVersion = 10.0.40219.1
Project("{FAE04EC0-301F-11D3-BF4B-00C04F79EFBC}") = "fitZone01", "fitZone01.csproj", "{1D284AF5-3508-4F22-9F9F-498DD9899FC5}"
EndProject
Global
	GlobalSection(SolutionConfigurationPlatforms) = preSolution
		Debug|Any CPU = Debug|Any CPU
		Release|Any CPU = Release|Any CPU
	EndGlobalSection
	GlobalSection(ProjectConfigurationPlatforms) = postSolution
		{1D284AF5-3508-4F22-9F9F-498DD9899FC5}.Debug|Any CPU.ActiveCfg = Debug|Any CPU
		{1D284AF5-3508-4F22-9F9F-498DD9899FC5}.Debug|Any CPU.Build.0 = Debug|Any CPU
		{1D284AF5-3508-4F22-9F9F-498DD9899FC5}.Release|Any CPU.ActiveCfg = Release|Any CPU
		{1D284AF5-3508-4F22-9F9F-498DD9899FC5}.Release|Any CPU.Build.0 = Release|Any CPU
	EndGlobalSection
	GlobalSection(SolutionProperties) = preSolution
		HideSolutionNode = FALSE
	EndGlobalSection
	GlobalSection(ExtensibilityGlobals) = postSolution
		SolutionGuid = {E89C89C0-5767-443B-A3D9-D45842714DEA}
	EndGlobalSection
EndGlobal
